lockfileVersion: '9.0'

settings:
  autoInstallPeers: true
  excludeLinksFromLockfile: false

importers:

  .:
    dependencies:
      '@heroicons/react':
        specifier: ^2.2.0
        version: 2.2.0(react@19.2.4)
      '@tailwindcss/forms':
        specifier: ^0.5.11
        version: 0.5.11(tailwindcss@4.2.2)
      autoprefixer:
        specifier: 10.4.27
        version: 10.4.27(postcss@8.5.8)
      bcrypt:
        specifier: ^6.0.0
        version: 6.0.0
      clsx:
        specifier: ^2.1.1
        version: 2.1.1
      lucide-react:
        specifier: ^0.577.0
        version: 0.577.0(react@19.2.4)
      next:
        specifier: ^15.5.13
        version: 15.5.13(react-dom@19.2.4(react@19.2.4))(react@19.2.4)
      next-auth:
        specifier: 5.0.0-beta.25
        version: 5.0.0-beta.25(next@15.5.13(react-dom@19.2.4(react@19.2.4))(react@19.2.4))(react@19.2.4)
      postcss:
        specifier: 8.5.8
        version: 8.5.8
      postgres:
        specifier: ^3.4.8
        version: 3.4.8
      react:
        specifier: latest
        version: 19.2.4
      react-dom:
        specifier: latest
        version: 19.2.4(react@19.2.4)
      react-icons:
        specifier: ^5.6.0
        version: 5.6.0(react@19.2.4)
      tailwindcss:
        specifier: 4.2.2
        version: 4.2.2
      typescript:
        specifier: 5.9.3
        version: 5.9.3
      use-debounce:
        specifier: ^10.1.0
        version: 10.1.0(react@19.2.4)
      zod:
        specifier: ^4.3.6
        version: 4.3.6
    devDependencies:
      '@types/bcrypt':
        specifier: ^6.0.0
        version: 6.0.0
      '@types/node':
        specifier: 25.5.0
        version: 25.5.0
      '@types/react':
        specifier: 19.2.14
        version: 19.2.14
      '@types/react-dom':
        specifier: 19.2.3
        version: 19.2.3(@types/react@19.2.14)

packages:

  '@auth/core@0.37.2':
    resolution: {integrity: sha512-kUvzyvkcd6h1vpeMAojK2y7+PAV5H+0Cc9+ZlKYDFhDY31AlvsB+GW5vNO4qE3Y07KeQgvNO9U0QUx/fN62kBw==}
    peerDependencies:
      '@simplewebauthn/browser': ^9.0.1
      '@simplewebauthn/server': ^9.0.2
      nodemailer: ^6.8.0
    peerDependenciesMeta:
      '@simplewebauthn/browser':
        optional: true
      '@simplewebauthn/server':
        optional: true
      nodemailer:
        optional: true

  '@emnapi/runtime@1.9.0':
    resolution: {integrity: sha512-QN75eB0IH2ywSpRpNddCRfQIhmJYBCJ1x5Lb3IscKAL8bMnVAKnRg8dCoXbHzVLLH7P38N2Z3mtulB7W0J0FKw==}

  '@heroicons/react@2.2.0':
    resolution: {integrity: sha512-LMcepvRaS9LYHJGsF0zzmgKCUim/X3N/DQKc4jepAXJ7l8QxJ1PmxJzqplF2Z3FE4PqBAIGyJAQ/w4B5dsqbtQ==}
    peerDependencies:
      react: '>= 16 || ^19.0.0-rc'

  '@img/colour@1.1.0':
    resolution: {integrity: sha512-Td76q7j57o/tLVdgS746cYARfSyxk8iEfRxewL9h4OMzYhbW4TAcppl0mT4eyqXddh6L/jwoM75mo7ixa/pCeQ==}
    engines: {node: '>=18'}

  '@img/sharp-darwin-arm64@0.34.5':
    resolution: {integrity: sha512-imtQ3WMJXbMY4fxb/Ndp6HBTNVtWCUI0WdobyheGf5+ad6xX8VIDO8u2xE4qc/fr08CKG/7dDseFtn6M6g/r3w==}
    engines: {node: ^18.17.0 || ^20.3.0 || >=21.0.0}
    cpu: [arm64]
    os: [darwin]

  '@img/sharp-darwin-x64@0.34.5':
    resolution: {integrity: sha512-YNEFAF/4KQ/PeW0N+r+aVVsoIY0/qxxikF2SWdp+NRkmMB7y9LBZAVqQ4yhGCm/H3H270OSykqmQMKLBhBJDEw==}
    engines: {node: ^18.17.0 || ^20.3.0 || >=21.0.0}
    cpu: [x64]
    os: [darwin]

  '@img/sharp-libvips-darwin-arm64@1.2.4':
    resolution: {integrity: sha512-zqjjo7RatFfFoP0MkQ51jfuFZBnVE2pRiaydKJ1G/rHZvnsrHAOcQALIi9sA5co5xenQdTugCvtb1cuf78Vf4g==}
    cpu: [arm64]
    os: [darwin]

  '@img/sharp-libvips-darwin-x64@1.2.4':
    resolution: {integrity: sha512-1IOd5xfVhlGwX+zXv2N93k0yMONvUlANylbJw1eTah8K/Jtpi15KC+WSiaX/nBmbm2HxRM1gZ0nSdjSsrZbGKg==}
    cpu: [x64]
    os: [darwin]

  '@img/sharp-libvips-linux-arm64@1.2.4':
    resolution: {integrity: sha512-excjX8DfsIcJ10x1Kzr4RcWe1edC9PquDRRPx3YVCvQv+U5p7Yin2s32ftzikXojb1PIFc/9Mt28/y+iRklkrw==}
    cpu: [arm64]
    os: [linux]
    libc: [glibc]

  '@img/sharp-libvips-linux-arm@1.2.4':
    resolution: {integrity: sha512-bFI7xcKFELdiNCVov8e44Ia4u2byA+l3XtsAj+Q8tfCwO6BQ8iDojYdvoPMqsKDkuoOo+X6HZA0s0q11ANMQ8A==}
    cpu: [arm]
    os: [linux]
    libc: [glibc]

  '@img/sharp-libvips-linux-ppc64@1.2.4':
    resolution: {integrity: sha512-FMuvGijLDYG6lW+b/UvyilUWu5Ayu+3r2d1S8notiGCIyYU/76eig1UfMmkZ7vwgOrzKzlQbFSuQfgm7GYUPpA==}
    cpu: [ppc64]
    os: [linux]
    libc: [glibc]

  '@img/sharp-libvips-linux-riscv64@1.2.4':
    resolution: {integrity: sha512-oVDbcR4zUC0ce82teubSm+x6ETixtKZBh/qbREIOcI3cULzDyb18Sr/Wcyx7NRQeQzOiHTNbZFF1UwPS2scyGA==}
    cpu: [riscv64]
    os: [linux]
    libc: [glibc]

  '@img/sharp-libvips-linux-s390x@1.2.4':
    resolution: {integrity: sha512-qmp9VrzgPgMoGZyPvrQHqk02uyjA0/QrTO26Tqk6l4ZV0MPWIW6LTkqOIov+J1yEu7MbFQaDpwdwJKhbJvuRxQ==}
    cpu: [s390x]
    os: [linux]
    libc: [glibc]

  '@img/sharp-libvips-linux-x64@1.2.4':
    resolution: {integrity: sha512-tJxiiLsmHc9Ax1bz3oaOYBURTXGIRDODBqhveVHonrHJ9/+k89qbLl0bcJns+e4t4rvaNBxaEZsFtSfAdquPrw==}
    cpu: [x64]
    os: [linux]
    libc: [glibc]

  '@img/sharp-libvips-linuxmusl-arm64@1.2.4':
    resolution: {integrity: sha512-FVQHuwx1IIuNow9QAbYUzJ+En8KcVm9Lk5+uGUQJHaZmMECZmOlix9HnH7n1TRkXMS0pGxIJokIVB9SuqZGGXw==}
    cpu: [arm64]
    os: [linux]
    libc: [musl]

  '@img/sharp-libvips-linuxmusl-x64@1.2.4':
    resolution: {integrity: sha512-+LpyBk7L44ZIXwz/VYfglaX/okxezESc6UxDSoyo2Ks6Jxc4Y7sGjpgU9s4PMgqgjj1gZCylTieNamqA1MF7Dg==}
    cpu: [x64]
    os: [linux]
    libc: [musl]

  '@img/sharp-linux-arm64@0.34.5':
    resolution: {integrity: sha512-bKQzaJRY/bkPOXyKx5EVup7qkaojECG6NLYswgktOZjaXecSAeCWiZwwiFf3/Y+O1HrauiE3FVsGxFg8c24rZg==}
    engines: {node: ^18.17.0 || ^20.3.0 || >=21.0.0}
    cpu: [arm64]
    os: [linux]
    libc: [glibc]

  '@img/sharp-linux-arm@0.34.5':
    resolution: {integrity: sha512-9dLqsvwtg1uuXBGZKsxem9595+ujv0sJ6Vi8wcTANSFpwV/GONat5eCkzQo/1O6zRIkh0m/8+5BjrRr7jDUSZw==}
    engines: {node: ^18.17.0 || ^20.3.0 || >=21.0.0}
    cpu: [arm]
    os: [linux]
    libc: [glibc]

  '@img/sharp-linux-ppc64@0.34.5':
    resolution: {integrity: sha512-7zznwNaqW6YtsfrGGDA6BRkISKAAE1Jo0QdpNYXNMHu2+0dTrPflTLNkpc8l7MUP5M16ZJcUvysVWWrMefZquA==}
    engines: {node: ^18.17.0 || ^20.3.0 || >=21.0.0}
    cpu: [ppc64]
    os: [linux]
    libc: [glibc]

  '@img/sharp-linux-riscv64@0.34.5':
    resolution: {integrity: sha512-51gJuLPTKa7piYPaVs8GmByo7/U7/7TZOq+cnXJIHZKavIRHAP77e3N2HEl3dgiqdD/w0yUfiJnII77PuDDFdw==}
    engines: {node: ^18.17.0 || ^20.3.0 || >=21.0.0}
    cpu: [riscv64]
    os: [linux]
    libc: [glibc]

  '@img/sharp-linux-s390x@0.34.5':
    resolution: {integrity: sha512-nQtCk0PdKfho3eC5MrbQoigJ2gd1CgddUMkabUj+rBevs8tZ2cULOx46E7oyX+04WGfABgIwmMC0VqieTiR4jg==}
    engines: {node: ^18.17.0 || ^20.3.0 || >=21.0.0}
    cpu: [s390x]
    os: [linux]
    libc: [glibc]

  '@img/sharp-linux-x64@0.34.5':
    resolution: {integrity: sha512-MEzd8HPKxVxVenwAa+JRPwEC7QFjoPWuS5NZnBt6B3pu7EG2Ge0id1oLHZpPJdn3OQK+BQDiw9zStiHBTJQQQQ==}
    engines: {node: ^18.17.0 || ^20.3.0 || >=21.0.0}
    cpu: [x64]
    os: [linux]
    libc: [glibc]

  '@img/sharp-linuxmusl-arm64@0.34.5':
    resolution: {integrity: sha512-fprJR6GtRsMt6Kyfq44IsChVZeGN97gTD331weR1ex1c1rypDEABN6Tm2xa1wE6lYb5DdEnk03NZPqA7Id21yg==}
    engines: {node: ^18.17.0 || ^20.3.0 || >=21.0.0}
    cpu: [arm64]
    os: [linux]
    libc: [musl]

  '@img/sharp-linuxmusl-x64@0.34.5':
    resolution: {integrity: sha512-Jg8wNT1MUzIvhBFxViqrEhWDGzqymo3sV7z7ZsaWbZNDLXRJZoRGrjulp60YYtV4wfY8VIKcWidjojlLcWrd8Q==}
    engines: {node: ^18.17.0 || ^20.3.0 || >=21.0.0}
    cpu: [x64]
    os: [linux]
    libc: [musl]

  '@img/sharp-wasm32@0.34.5':
    resolution: {integrity: sha512-OdWTEiVkY2PHwqkbBI8frFxQQFekHaSSkUIJkwzclWZe64O1X4UlUjqqqLaPbUpMOQk6FBu/HtlGXNblIs0huw==}
    engines: {node: ^18.17.0 || ^20.3.0 || >=21.0.0}
    cpu: [wasm32]

  '@img/sharp-win32-arm64@0.34.5':
    resolution: {integrity: sha512-WQ3AgWCWYSb2yt+IG8mnC6Jdk9Whs7O0gxphblsLvdhSpSTtmu69ZG1Gkb6NuvxsNACwiPV6cNSZNzt0KPsw7g==}
    engines: {node: ^18.17.0 || ^20.3.0 || >=21.0.0}
    cpu: [arm64]
    os: [win32]

  '@img/sharp-win32-ia32@0.34.5':
    resolution: {integrity: sha512-FV9m/7NmeCmSHDD5j4+4pNI8Cp3aW+JvLoXcTUo0IqyjSfAZJ8dIUmijx1qaJsIiU+Hosw6xM5KijAWRJCSgNg==}
    engines: {node: ^18.17.0 || ^20.3.0 || >=21.0.0}
    cpu: [ia32]
    os: [win32]

  '@img/sharp-win32-x64@0.34.5':
    resolution: {integrity: sha512-+29YMsqY2/9eFEiW93eqWnuLcWcufowXewwSNIT6UwZdUUCrM3oFjMWH/Z6/TMmb4hlFenmfAVbpWeup2jryCw==}
    engines: {node: ^18.17.0 || ^20.3.0 || >=21.0.0}
    cpu: [x64]
    os: [win32]

  '@next/env@15.5.13':
    resolution: {integrity: sha512-6h7Fm29+/u1WBPcPaQl0xBov7KXB6i0c8oFlSlehD+PuZJQjzXQBuYzfkM32G5iWOlKsXXyRtcMaaqwspRBujA==}

  '@next/swc-darwin-arm64@15.5.13':
    resolution: {integrity: sha512-XrBbj2iY1mQSsJ8RoFClNpUB9uuZejP94v9pJuSAzdzwFVHeP+Vu2vzBCHwSObozgYNuTVwKhLukG1rGCgj8xA==}
    engines: {node: '>= 10'}
    cpu: [arm64]
    os: [darwin]

  '@next/swc-darwin-x64@15.5.13':
    resolution: {integrity: sha512-Ey3fuUeWDWtVdgiLHajk2aJ74Y8EWLeqvfwlkB5RvWsN7F1caQ6TjifsQzrAcOuNSnogGvFNYzjQlu7tu0kyWg==}
    engines: {node: '>= 10'}
    cpu: [x64]
    os: [darwin]

  '@next/swc-linux-arm64-gnu@15.5.13':
    resolution: {integrity: sha512-aLtu/WxDeL3188qx3zyB3+iw8nAB9F+2Mhyz9nNZpzsREc2t8jQTuiWY4+mtOgWp1d+/Q4eXuy9m3dwh3n1IyQ==}
    engines: {node: '>= 10'}
    cpu: [arm64]
    os: [linux]
    libc: [glibc]

  '@next/swc-linux-arm64-musl@15.5.13':
    resolution: {integrity: sha512-9VZ0OsVx9PEL72W50QD15iwSCF3GD/dwj42knfF5C4aiBPXr95etGIOGhb8rU7kpnzZuPNL81CY4vIyUKa2xvg==}
    engines: {node: '>= 10'}
    cpu: [arm64]
    os: [linux]
    libc: [musl]

  '@next/swc-linux-x64-gnu@15.5.13':
    resolution: {integrity: sha512-3knsu9H33e99ZfiWh0Bb04ymEO7YIiopOpXKX89ZZ/ER0iyfV1YLoJFxJJQNUD7OR8O7D7eiLI/TXPryPGv3+A==}
    engines: {node: '>= 10'}
    cpu: [x64]
    os: [linux]
    libc: [glibc]

  '@next/swc-linux-x64-musl@15.5.13':
    resolution: {integrity: sha512-AVPb6+QZ0pPanJFc1hpx81I5tTiBF4VITw5+PMaR1CrboAUUxtxn3IsV0h48xI7fzd6/zw9D9i6khRwME5NKUw==}
    engines: {node: '>= 10'}
    cpu: [x64]
    os: [linux]
    libc: [musl]

  '@next/swc-win32-arm64-msvc@15.5.13':
    resolution: {integrity: sha512-FZ/HXuTxn+e5Lp6oRZMvHaMJx22gAySveJdJE0//91Nb9rMuh2ftgKlEwBFJxhkw5kAF/yIXz3iBf0tvDXRmCA==}
    engines: {node: '>= 10'}
    cpu: [arm64]
    os: [win32]

  '@next/swc-win32-x64-msvc@15.5.13':
    resolution: {integrity: sha512-B5E82pX3VXu6Ib5mDuZEqGwT8asocZe3OMMnaM+Yfs0TRlmSQCBQUUXR9BkXQeGVboOWS1pTsRkS9wzFd8PABw==}
    engines: {node: '>= 10'}
    cpu: [x64]
    os: [win32]

  '@panva/hkdf@1.2.1':
    resolution: {integrity: sha512-6oclG6Y3PiDFcoyk8srjLfVKyMfVCKJ27JwNPViuXziFpmdz+MZnZN/aKY0JGXgYuO/VghU0jcOAZgWXZ1Dmrw==}

  '@swc/helpers@0.5.15':
    resolution: {integrity: sha512-JQ5TuMi45Owi4/BIMAJBoSQoOJu12oOk/gADqlcUL9JEdHB8vyjUSsxqeNXnmXHjYKMi2WcYtezGEEhqUI/E2g==}

  '@tailwindcss/forms@0.5.11':
    resolution: {integrity: sha512-h9wegbZDPurxG22xZSoWtdzc41/OlNEUQERNqI/0fOwa2aVlWGu7C35E/x6LDyD3lgtztFSSjKZyuVM0hxhbgA==}
    peerDependencies:
      tailwindcss: '>=3.0.0 || >= 3.0.0-alpha.1 || >= 4.0.0-alpha.20 || >= 4.0.0-beta.1'

  '@types/bcrypt@6.0.0':
    resolution: {integrity: sha512-/oJGukuH3D2+D+3H4JWLaAsJ/ji86dhRidzZ/Od7H/i8g+aCmvkeCc6Ni/f9uxGLSQVCRZkX2/lqEFG2BvWtlQ==}

  '@types/cookie@0.6.0':
    resolution: {integrity: sha512-4Kh9a6B2bQciAhf7FSuMRRkUWecJgJu9nPnx3yzpsfXX/c50REIqpHY4C82bXP90qrLtXtkDxTZosYO3UpOwlA==}

  '@types/node@25.5.0':
    resolution: {integrity: sha512-jp2P3tQMSxWugkCUKLRPVUpGaL5MVFwF8RDuSRztfwgN1wmqJeMSbKlnEtQqU8UrhTmzEmZdu2I6v2dpp7XIxw==}

  '@types/react-dom@19.2.3':
    resolution: {integrity: sha512-jp2L/eY6fn+KgVVQAOqYItbF0VY/YApe5Mz2F0aykSO8gx31bYCZyvSeYxCHKvzHG5eZjc+zyaS5BrBWya2+kQ==}
    peerDependencies:
      '@types/react': ^19.2.0

  '@types/react@19.2.14':
    resolution: {integrity: sha512-ilcTH/UniCkMdtexkoCN0bI7pMcJDvmQFPvuPvmEaYA/NSfFTAgdUSLAoVjaRJm7+6PvcM+q1zYOwS4wTYMF9w==}

  autoprefixer@10.4.27:
    resolution: {integrity: sha512-NP9APE+tO+LuJGn7/9+cohklunJsXWiaWEfV3si4Gi/XHDwVNgkwr1J3RQYFIvPy76GmJ9/bW8vyoU1LcxwKHA==}
    engines: {node: ^10 || ^12 || >=14}
    hasBin: true
    peerDependencies:
      postcss: ^8.1.0

  baseline-browser-mapping@2.10.8:
    resolution: {integrity: sha512-PCLz/LXGBsNTErbtB6i5u4eLpHeMfi93aUv5duMmj6caNu6IphS4q6UevDnL36sZQv9lrP11dbPKGMaXPwMKfQ==}
    engines: {node: '>=6.0.0'}
    hasBin: true

  bcrypt@6.0.0:
    resolution: {integrity: sha512-cU8v/EGSrnH+HnxV2z0J7/blxH8gq7Xh2JFT6Aroax7UohdmiJJlxApMxtKfuI7z68NvvVcmR78k2LbT6efhRg==}
    engines: {node: '>= 18'}

  browserslist@4.28.1:
    resolution: {integrity: sha512-ZC5Bd0LgJXgwGqUknZY/vkUQ04r8NXnJZ3yYi4vDmSiZmC/pdSN0NbNRPxZpbtO4uAfDUAFffO8IZoM3Gj8IkA==}
    engines: {node: ^6 || ^7 || ^8 || ^9 || ^10 || ^11 || ^12 || >=13.7}
    hasBin: true

  caniuse-lite@1.0.30001780:
    resolution: {integrity: sha512-llngX0E7nQci5BPJDqoZSbuZ5Bcs9F5db7EtgfwBerX9XGtkkiO4NwfDDIRzHTTwcYC8vC7bmeUEPGrKlR/TkQ==}

  client-only@0.0.1:
    resolution: {integrity: sha512-IV3Ou0jSMzZrd3pZ48nLkT9DA7Ag1pnPzaiQhpW7c3RbcqqzvzzVu+L8gfqMp/8IM2MQtSiqaCxrrcfu8I8rMA==}

  clsx@2.1.1:
    resolution: {integrity: sha512-eYm0QWBtUrBWZWG0d386OGAw16Z995PiOVo2B7bjWSbHedGl5e0ZWaq65kOGgUSNesEIDkB9ISbTg/JK9dhCZA==}
    engines: {node: '>=6'}

  cookie@0.7.1:
    resolution: {integrity: sha512-6DnInpx7SJ2AK3+CTUE/ZM0vWTUboZCegxhC2xiIydHR9jNuTAASBrfEpHhiGOZw/nX51bHt6YQl8jsGo4y/0w==}
    engines: {node: '>= 0.6'}

  csstype@3.2.3:
    resolution: {integrity: sha512-z1HGKcYy2xA8AGQfwrn0PAy+PB7X/GSj3UVJW9qKyn43xWa+gl5nXmU4qqLMRzWVLFC8KusUX8T/0kCiOYpAIQ==}

  detect-libc@2.1.2:
    resolution: {integrity: sha512-Btj2BOOO83o3WyH59e8MgXsxEQVcarkUOpEYrubB0urwnN10yQ364rsiByU11nZlqWYZm05i/of7io4mzihBtQ==}
    engines: {node: '>=8'}

  electron-to-chromium@1.5.321:
    resolution: {integrity: sha512-L2C7Q279W2D/J4PLZLk7sebOILDSWos7bMsMNN06rK482umHUrh/3lM8G7IlHFOYip2oAg5nha1rCMxr/rs6ZQ==}

  escalade@3.2.0:
    resolution: {integrity: sha512-WUj2qlxaQtO4g6Pq5c29GTcWGDyd8itL8zTlipgECz3JesAiiOKotd8JU6otB3PACgG6xkJUyVhboMS+bje/jA==}
    engines: {node: '>=6'}

  fraction.js@5.3.4:
    resolution: {integrity: sha512-1X1NTtiJphryn/uLQz3whtY6jK3fTqoE3ohKs0tT+Ujr1W59oopxmoEh7Lu5p6vBaPbgoM0bzveAW4Qi5RyWDQ==}

  jose@5.10.0:
    resolution: {integrity: sha512-s+3Al/p9g32Iq+oqXxkW//7jk2Vig6FF1CFqzVXoTUXt2qz89YWbL+OwS17NFYEvxC35n0FKeGO2LGYSxeM2Gg==}

  lucide-react@0.577.0:
    resolution: {integrity: sha512-4LjoFv2eEPwYDPg/CUdBJQSDfPyzXCRrVW1X7jrx/trgxnxkHFjnVZINbzvzxjN70dxychOfg+FTYwBiS3pQ5A==}
    peerDependencies:
      react: ^16.5.1 || ^17.0.0 || ^18.0.0 || ^19.0.0

  mini-svg-data-uri@1.4.4:
    resolution: {integrity: sha512-r9deDe9p5FJUPZAk3A59wGH7Ii9YrjjWw0jmw/liSbHl2CHiyXj6FcDXDu2K3TjVAXqiJdaw3xxwlZZr9E6nHg==}
    hasBin: true

  nanoid@3.3.11:
    resolution: {integrity: sha512-N8SpfPUnUp1bK+PMYW8qSWdl9U+wwNWI4QKxOYDy9JAro3WMX7p2OeVRF9v+347pnakNevPmiHhNmZ2HbFA76w==}
    engines: {node: ^10 || ^12 || ^13.7 || ^14 || >=15.0.1}
    hasBin: true

  next-auth@5.0.0-beta.25:
    resolution: {integrity: sha512-2dJJw1sHQl2qxCrRk+KTQbeH+izFbGFPuJj5eGgBZFYyiYYtvlrBeUw1E/OJJxTRjuxbSYGnCTkUIRsIIW0bog==}
    peerDependencies:
      '@simplewebauthn/browser': ^9.0.1
      '@simplewebauthn/server': ^9.0.2
      next: ^14.0.0-0 || ^15.0.0-0
      nodemailer: ^6.6.5
      react: ^18.2.0 || ^19.0.0-0
    peerDependenciesMeta:
      '@simplewebauthn/browser':
        optional: true
      '@simplewebauthn/server':
        optional: true
      nodemailer:
        optional: true

  next@15.5.13:
    resolution: {integrity: sha512-n0AXf6vlTwGuM93Z++POtjMsRuQ9pT5v2URPciXKUQIl/EB2WjXF0YiIUxaa9AEMFaMpZlaG3KPK6i4UVnx9eQ==}
    engines: {node: ^18.18.0 || ^19.8.0 || >= 20.0.0}
    hasBin: true
    peerDependencies:
      '@opentelemetry/api': ^1.1.0
      '@playwright/test': ^1.51.1
      babel-plugin-react-compiler: '*'
      react: ^18.2.0 || 19.0.0-rc-de68d2f4-20241204 || ^19.0.0
      react-dom: ^18.2.0 || 19.0.0-rc-de68d2f4-20241204 || ^19.0.0
      sass: ^1.3.0
    peerDependenciesMeta:
      '@opentelemetry/api':
        optional: true
      '@playwright/test':
        optional: true
      babel-plugin-react-compiler:
        optional: true
      sass:
        optional: true

  node-addon-api@8.6.0:
    resolution: {integrity: sha512-gBVjCaqDlRUk0EwoPNKzIr9KkS9041G/q31IBShPs1Xz6UTA+EXdZADbzqAJQrpDRq71CIMnOP5VMut3SL0z5Q==}
    engines: {node: ^18 || ^20 || >= 21}

  node-gyp-build@4.8.4:
    resolution: {integrity: sha512-LA4ZjwlnUblHVgq0oBF3Jl/6h/Nvs5fzBLwdEF4nuxnFdsfajde4WfxtJr3CaiH+F6ewcIB/q4jQ4UzPyid+CQ==}
    hasBin: true

  node-releases@2.0.36:
    resolution: {integrity: sha512-TdC8FSgHz8Mwtw9g5L4gR/Sh9XhSP/0DEkQxfEFXOpiul5IiHgHan2VhYYb6agDSfp4KuvltmGApc8HMgUrIkA==}

  oauth4webapi@3.8.5:
    resolution: {integrity: sha512-A8jmyUckVhRJj5lspguklcl90Ydqk61H3dcU0oLhH3Yv13KpAliKTt5hknpGGPZSSfOwGyraNEFmofDYH+1kSg==}

  picocolors@1.1.1:
    resolution: {integrity: sha512-xceH2snhtb5M9liqDsmEw56le376mTZkEX/jEb/RxNFyegNul7eNslCXP9FDj/Lcu0X8KEyMceP2ntpaHrDEVA==}

  postcss-value-parser@4.2.0:
    resolution: {integrity: sha512-1NNCs6uurfkVbeXG4S8JFT9t19m45ICnif8zWLd5oPSZ50QnwMfK+H3jv408d4jw/7Bttv5axS5IiHoLaVNHeQ==}

  postcss@8.4.31:
    resolution: {integrity: sha512-PS08Iboia9mts/2ygV3eLpY5ghnUcfLV/EXTOW1E2qYxJKGGBUtNjN76FYHnMs36RmARn41bC0AZmn+rR0OVpQ==}
    engines: {node: ^10 || ^12 || >=14}

  postcss@8.5.8:
    resolution: {integrity: sha512-OW/rX8O/jXnm82Ey1k44pObPtdblfiuWnrd8X7GJ7emImCOstunGbXUpp7HdBrFQX6rJzn3sPT397Wp5aCwCHg==}
    engines: {node: ^10 || ^12 || >=14}

  postgres@3.4.8:
    resolution: {integrity: sha512-d+JFcLM17njZaOLkv6SCev7uoLaBtfK86vMUXhW1Z4glPWh4jozno9APvW/XKFJ3CCxVoC7OL38BqRydtu5nGg==}
    engines: {node: '>=12'}

  preact-render-to-string@5.2.3:
    resolution: {integrity: sha512-aPDxUn5o3GhWdtJtW0svRC2SS/l8D9MAgo2+AWml+BhDImb27ALf04Q2d+AHqUUOc6RdSXFIBVa2gxzgMKgtZA==}
    peerDependencies:
      preact: '>=10'

  preact@10.11.3:
    resolution: {integrity: sha512-eY93IVpod/zG3uMF22Unl8h9KkrcKIRs2EGar8hwLZZDU1lkjph303V9HZBwufh2s736U6VXuhD109LYqPoffg==}

  pretty-format@3.8.0:
    resolution: {integrity: sha512-WuxUnVtlWL1OfZFQFuqvnvs6MiAGk9UNsBostyBOB0Is9wb5uRESevA6rnl/rkksXaGX3GzZhPup5d6Vp1nFew==}

  react-dom@19.2.4:
    resolution: {integrity: sha512-AXJdLo8kgMbimY95O2aKQqsz2iWi9jMgKJhRBAxECE4IFxfcazB2LmzloIoibJI3C12IlY20+KFaLv+71bUJeQ==}
    peerDependencies:
      react: ^19.2.4

  react-icons@5.6.0:
    resolution: {integrity: sha512-RH93p5ki6LfOiIt0UtDyNg/cee+HLVR6cHHtW3wALfo+eOHTp8RnU2kRkI6E+H19zMIs03DyxUG/GfZMOGvmiA==}
    peerDependencies:
      react: '*'

  react@19.2.4:
    resolution: {integrity: sha512-9nfp2hYpCwOjAN+8TZFGhtWEwgvWHXqESH8qT89AT/lWklpLON22Lc8pEtnpsZz7VmawabSU0gCjnj8aC0euHQ==}
    engines: {node: '>=0.10.0'}

  scheduler@0.27.0:
    resolution: {integrity: sha512-eNv+WrVbKu1f3vbYJT/xtiF5syA5HPIMtf9IgY/nKg0sWqzAUEvqY/xm7OcZc/qafLx/iO9FgOmeSAp4v5ti/Q==}

  semver@7.7.4:
    resolution: {integrity: sha512-vFKC2IEtQnVhpT78h1Yp8wzwrf8CM+MzKMHGJZfBtzhZNycRFnXsHk6E5TxIkkMsgNS7mdX3AGB7x2QM2di4lA==}
    engines: {node: '>=10'}
    hasBin: true

  sharp@0.34.5:
    resolution: {integrity: sha512-Ou9I5Ft9WNcCbXrU9cMgPBcCK8LiwLqcbywW3t4oDV37n1pzpuNLsYiAV8eODnjbtQlSDwZ2cUEeQz4E54Hltg==}
    engines: {node: ^18.17.0 || ^20.3.0 || >=21.0.0}

  source-map-js@1.2.1:
    resolution: {integrity: sha512-UXWMKhLOwVKb728IUtQPXxfYU+usdybtUrK/8uGE8CQMvrhOpwvzDBwj0QhSL7MQc7vIsISBG8VQ8+IDQxpfQA==}
    engines: {node: '>=0.10.0'}

  styled-jsx@5.1.6:
    resolution: {integrity: sha512-qSVyDTeMotdvQYoHWLNGwRFJHC+i+ZvdBRYosOFgC+Wg1vx4frN2/RG/NA7SYqqvKNLf39P2LSRA2pu6n0XYZA==}
    engines: {node: '>= 12.0.0'}
    peerDependencies:
      '@babel/core': '*'
      babel-plugin-macros: '*'
      react: '>= 16.8.0 || 17.x.x || ^18.0.0-0 || ^19.0.0-0'
    peerDependenciesMeta:
      '@babel/core':
        optional: true
      babel-plugin-macros:
        optional: true

  tailwindcss@4.2.2:
    resolution: {integrity: sha512-KWBIxs1Xb6NoLdMVqhbhgwZf2PGBpPEiwOqgI4pFIYbNTfBXiKYyWoTsXgBQ9WFg/OlhnvHaY+AEpW7wSmFo2Q==}

  tslib@2.8.1:
    resolution: {integrity: sha512-oJFu94HQb+KVduSUQL7wnpmqnfmLsOA/nAh6b6EH0wCEoK0/mPeXU6c3wKDV83MkOuHPRHtSXKKU99IBazS/2w==}

  typescript@5.9.3:
    resolution: {integrity: sha512-jl1vZzPDinLr9eUt3J/t7V6FgNEw9QjvBPdysz9KfQDD41fQrC2Y4vKQdiaUpFT4bXlb1RHhLpp8wtm6M5TgSw==}
    engines: {node: '>=14.17'}
    hasBin: true

  undici-types@7.18.2:
    resolution: {integrity: sha512-AsuCzffGHJybSaRrmr5eHr81mwJU3kjw6M+uprWvCXiNeN9SOGwQ3Jn8jb8m3Z6izVgknn1R0FTCEAP2QrLY/w==}

  update-browserslist-db@1.2.3:
    resolution: {integrity: sha512-Js0m9cx+qOgDxo0eMiFGEueWztz+d4+M3rGlmKPT+T4IS/jP4ylw3Nwpu6cpTTP8R1MAC1kF4VbdLt3ARf209w==}
    hasBin: true
    peerDependencies:
      browserslist: '>= 4.21.0'

  use-debounce@10.1.0:
    resolution: {integrity: sha512-lu87Za35V3n/MyMoEpD5zJv0k7hCn0p+V/fK2kWD+3k2u3kOCwO593UArbczg1fhfs2rqPEnHpULJ3KmGdDzvg==}
    engines: {node: '>= 16.0.0'}
    peerDependencies:
      react: '*'

  zod@4.3.6:
    resolution: {integrity: sha512-rftlrkhHZOcjDwkGlnUtZZkvaPHCsDATp4pGpuOOMDaTdDDXF91wuVDJoWoPsKX/3YPQ5fHuF3STjcYyKr+Qhg==}

snapshots:

  '@auth/core@0.37.2':
    dependencies:
      '@panva/hkdf': 1.2.1
      '@types/cookie': 0.6.0
      cookie: 0.7.1
      jose: 5.10.0
      oauth4webapi: 3.8.5
      preact: 10.11.3
      preact-render-to-string: 5.2.3(preact@10.11.3)

  '@emnapi/runtime@1.9.0':
    dependencies:
      tslib: 2.8.1
    optional: true

  '@heroicons/react@2.2.0(react@19.2.4)':
    dependencies:
      react: 19.2.4

  '@img/colour@1.1.0':
    optional: true

  '@img/sharp-darwin-arm64@0.34.5':
    optionalDependencies:
      '@img/sharp-libvips-darwin-arm64': 1.2.4
    optional: true

  '@img/sharp-darwin-x64@0.34.5':
    optionalDependencies:
      '@img/sharp-libvips-darwin-x64': 1.2.4
    optional: true

  '@img/sharp-libvips-darwin-arm64@1.2.4':
    optional: true

  '@img/sharp-libvips-darwin-x64@1.2.4':
    optional: true

  '@img/sharp-libvips-linux-arm64@1.2.4':
    optional: true

  '@img/sharp-libvips-linux-arm@1.2.4':
    optional: true

  '@img/sharp-libvips-linux-ppc64@1.2.4':
    optional: true

  '@img/sharp-libvips-linux-riscv64@1.2.4':
    optional: true

  '@img/sharp-libvips-linux-s390x@1.2.4':
    optional: true

  '@img/sharp-libvips-linux-x64@1.2.4':
    optional: true

  '@img/sharp-libvips-linuxmusl-arm64@1.2.4':
    optional: true

  '@img/sharp-libvips-linuxmusl-x64@1.2.4':
    optional: true

  '@img/sharp-linux-arm64@0.34.5':
    optionalDependencies:
      '@img/sharp-libvips-linux-arm64': 1.2.4
    optional: true

  '@img/sharp-linux-arm@0.34.5':
    optionalDependencies:
      '@img/sharp-libvips-linux-arm': 1.2.4
    optional: true

  '@img/sharp-linux-ppc64@0.34.5':
    optionalDependencies:
      '@img/sharp-libvips-linux-ppc64': 1.2.4
    optional: true

  '@img/sharp-linux-riscv64@0.34.5':
    optionalDependencies:
      '@img/sharp-libvips-linux-riscv64': 1.2.4
    optional: true

  '@img/sharp-linux-s390x@0.34.5':
    optionalDependencies:
      '@img/sharp-libvips-linux-s390x': 1.2.4
    optional: true

  '@img/sharp-linux-x64@0.34.5':
    optionalDependencies:
      '@img/sharp-libvips-linux-x64': 1.2.4
    optional: true

  '@img/sharp-linuxmusl-arm64@0.34.5':
    optionalDependencies:
      '@img/sharp-libvips-linuxmusl-arm64': 1.2.4
    optional: true

  '@img/sharp-linuxmusl-x64@0.34.5':
    optionalDependencies:
      '@img/sharp-libvips-linuxmusl-x64': 1.2.4
    optional: true

  '@img/sharp-wasm32@0.34.5':
    dependencies:
      '@emnapi/runtime': 1.9.0
    optional: true

  '@img/sharp-win32-arm64@0.34.5':
    optional: true

  '@img/sharp-win32-ia32@0.34.5':
    optional: true

  '@img/sharp-win32-x64@0.34.5':
    optional: true

  '@next/env@15.5.13': {}

  '@next/swc-darwin-arm64@15.5.13':
    optional: true

  '@next/swc-darwin-x64@15.5.13':
    optional: true

  '@next/swc-linux-arm64-gnu@15.5.13':
    optional: true

  '@next/swc-linux-arm64-musl@15.5.13':
    optional: true

  '@next/swc-linux-x64-gnu@15.5.13':
    optional: true

  '@next/swc-linux-x64-musl@15.5.13':
    optional: true

  '@next/swc-win32-arm64-msvc@15.5.13':
    optional: true

  '@next/swc-win32-x64-msvc@15.5.13':
    optional: true

  '@panva/hkdf@1.2.1': {}

  '@swc/helpers@0.5.15':
    dependencies:
      tslib: 2.8.1

  '@tailwindcss/forms@0.5.11(tailwindcss@4.2.2)':
    dependencies:
      mini-svg-data-uri: 1.4.4
      tailwindcss: 4.2.2

  '@types/bcrypt@6.0.0':
    dependencies:
      '@types/node': 25.5.0

  '@types/cookie@0.6.0': {}

  '@types/node@25.5.0':
    dependencies:
      undici-types: 7.18.2

  '@types/react-dom@19.2.3(@types/react@19.2.14)':
    dependencies:
      '@types/react': 19.2.14

  '@types/react@19.2.14':
    dependencies:
      csstype: 3.2.3

  autoprefixer@10.4.27(postcss@8.5.8):
    dependencies:
      browserslist: 4.28.1
      caniuse-lite: 1.0.30001780
      fraction.js: 5.3.4
      picocolors: 1.1.1
      postcss: 8.5.8
      postcss-value-parser: 4.2.0

  baseline-browser-mapping@2.10.8: {}

  bcrypt@6.0.0:
    dependencies:
      node-addon-api: 8.6.0
      node-gyp-build: 4.8.4

  browserslist@4.28.1:
    dependencies:
      baseline-browser-mapping: 2.10.8
      caniuse-lite: 1.0.30001780
      electron-to-chromium: 1.5.321
      node-releases: 2.0.36
      update-browserslist-db: 1.2.3(browserslist@4.28.1)

  caniuse-lite@1.0.30001780: {}

  client-only@0.0.1: {}

  clsx@2.1.1: {}

  cookie@0.7.1: {}

  csstype@3.2.3: {}

  detect-libc@2.1.2:
    optional: true

  electron-to-chromium@1.5.321: {}

  escalade@3.2.0: {}

  fraction.js@5.3.4: {}

  jose@5.10.0: {}

  lucide-react@0.577.0(react@19.2.4):
    dependencies:
      react: 19.2.4

  mini-svg-data-uri@1.4.4: {}

  nanoid@3.3.11: {}

  next-auth@5.0.0-beta.25(next@15.5.13(react-dom@19.2.4(react@19.2.4))(react@19.2.4))(react@19.2.4):
    dependencies:
      '@auth/core': 0.37.2
      next: 15.5.13(react-dom@19.2.4(react@19.2.4))(react@19.2.4)
      react: 19.2.4

  next@15.5.13(react-dom@19.2.4(react@19.2.4))(react@19.2.4):
    dependencies:
      '@next/env': 15.5.13
      '@swc/helpers': 0.5.15
      caniuse-lite: 1.0.30001780
      postcss: 8.4.31
      react: 19.2.4
      react-dom: 19.2.4(react@19.2.4)
      styled-jsx: 5.1.6(react@19.2.4)
    optionalDependencies:
      '@next/swc-darwin-arm64': 15.5.13
      '@next/swc-darwin-x64': 15.5.13
      '@next/swc-linux-arm64-gnu': 15.5.13
      '@next/swc-linux-arm64-musl': 15.5.13
      '@next/swc-linux-x64-gnu': 15.5.13
      '@next/swc-linux-x64-musl': 15.5.13
      '@next/swc-win32-arm64-msvc': 15.5.13
      '@next/swc-win32-x64-msvc': 15.5.13
      sharp: 0.34.5
    transitivePeerDependencies:
      - '@babel/core'
      - babel-plugin-macros

  node-addon-api@8.6.0: {}

  node-gyp-build@4.8.4: {}

  node-releases@2.0.36: {}

  oauth4webapi@3.8.5: {}

  picocolors@1.1.1: {}

  postcss-value-parser@4.2.0: {}

  postcss@8.4.31:
    dependencies:
      nanoid: 3.3.11
      picocolors: 1.1.1
      source-map-js: 1.2.1

  postcss@8.5.8:
    dependencies:
      nanoid: 3.3.11
      picocolors: 1.1.1
      source-map-js: 1.2.1

  postgres@3.4.8: {}

  preact-render-to-string@5.2.3(preact@10.11.3):
    dependencies:
      preact: 10.11.3
      pretty-format: 3.8.0

  preact@10.11.3: {}

  pretty-format@3.8.0: {}

  react-dom@19.2.4(react@19.2.4):
    dependencies:
      react: 19.2.4
      scheduler: 0.27.0

  react-icons@5.6.0(react@19.2.4):
    dependencies:
      react: 19.2.4

  react@19.2.4: {}

  scheduler@0.27.0: {}

  semver@7.7.4:
    optional: true

  sharp@0.34.5:
    dependencies:
      '@img/colour': 1.1.0
      detect-libc: 2.1.2
      semver: 7.7.4
    optionalDependencies:
      '@img/sharp-darwin-arm64': 0.34.5
      '@img/sharp-darwin-x64': 0.34.5
      '@img/sharp-libvips-darwin-arm64': 1.2.4
      '@img/sharp-libvips-darwin-x64': 1.2.4
      '@img/sharp-libvips-linux-arm': 1.2.4
      '@img/sharp-libvips-linux-arm64': 1.2.4
      '@img/sharp-libvips-linux-ppc64': 1.2.4
      '@img/sharp-libvips-linux-riscv64': 1.2.4
      '@img/sharp-libvips-linux-s390x': 1.2.4
      '@img/sharp-libvips-linux-x64': 1.2.4
      '@img/sharp-libvips-linuxmusl-arm64': 1.2.4
      '@img/sharp-libvips-linuxmusl-x64': 1.2.4
      '@img/sharp-linux-arm': 0.34.5
      '@img/sharp-linux-arm64': 0.34.5
      '@img/sharp-linux-ppc64': 0.34.5
      '@img/sharp-linux-riscv64': 0.34.5
      '@img/sharp-linux-s390x': 0.34.5
      '@img/sharp-linux-x64': 0.34.5
      '@img/sharp-linuxmusl-arm64': 0.34.5
      '@img/sharp-linuxmusl-x64': 0.34.5
      '@img/sharp-wasm32': 0.34.5
      '@img/sharp-win32-arm64': 0.34.5
      '@img/sharp-win32-ia32': 0.34.5
      '@img/sharp-win32-x64': 0.34.5
    optional: true

  source-map-js@1.2.1: {}

  styled-jsx@5.1.6(react@19.2.4):
    dependencies:
      client-only: 0.0.1
      react: 19.2.4

  tailwindcss@4.2.2: {}

  tslib@2.8.1: {}

  typescript@5.9.3: {}

  undici-types@7.18.2: {}

  update-browserslist-db@1.2.3(browserslist@4.28.1):
    dependencies:
      browserslist: 4.28.1
      escalade: 3.2.0
      picocolors: 1.1.1

  use-debounce@10.1.0(react@19.2.4):
    dependencies:
      react: 19.2.4

  zod@4.3.6: {}
